
Microsoft Visual Studio Solution File, Format Version 12.00
# Visual Studio Version 17
VisualStudioVersion = 17.5.33530.505
MinimumVisualStudioVersion = 10.0.40219.1
Project("{FAE04EC0-301F-11D3-BF4B-00C04F79EFBC}") = "DSS_API", "DSS_API.csproj", "{FF9336F1-F732-47C3-9A59-58B2571E0236}"
EndProject
Global
	GlobalSection(SolutionConfigurationPlatforms) = preSolution
		Debug|Any CPU = Debug|Any CPU
		Release|Any CPU = Release|Any CPU
	EndGlobalSection
	GlobalSection(ProjectConfigurationPlatforms) = postSolution
		{FF9336F1-F732-47C3-9A59-58B2571E0236}.Debug|Any CPU.ActiveCfg = Debug|Any CPU
		{FF9336F1-F732-47C3-9A59-58B2571E0236}.Debug|Any CPU.Build.0 = Debug|Any CPU
		{FF9336F1-F732-47C3-9A59-58B2571E0236}.Release|Any CPU.ActiveCfg = Release|Any CPU
		{FF9336F1-F732-47C3-9A59-58B2571E0236}.Release|Any CPU.Build.0 = Release|Any CPU
	EndGlobalSection
	GlobalSection(SolutionProperties) = preSolution
		HideSolutionNode = FALSE
	EndGlobalSection
	GlobalSection(ExtensibilityGlobals) = postSolution
		SolutionGuid = {ECE51847-938A-4E76-B7B9-A1DCF070D0CE}
	EndGlobalSection
EndGlobal
